# THIS IS AN AUTOGENERATED FILE. DO NOT EDIT THIS FILE DIRECTLY.
# yarn lockfile v1


"@discordjs/builders@^1.14.1":
  version "1.14.1"
  resolved "https://registry.yarnpkg.com/@discordjs/builders/-/builders-1.14.1.tgz#c0ec04f3ae7a584296bfd1dccdda59bf580a0c89"
  integrity sha512-gSKkhXLqs96TCzk66VZuHHl8z2bQMJFGwrXC0f33ngK+FLNau4hU1PYny3DNJfNdSH+gVMzE85/d5FQ2BpcNwQ==
  dependencies:
    "@discordjs/formatters" "^0.6.2"
    "@discordjs/util" "^1.2.0"
    "@sapphire/shapeshift" "^4.0.0"
    discord-api-types "^0.38.40"
    fast-deep-equal "^3.1.3"
    ts-mixer "^6.0.4"
    tslib "^2.6.3"

"@discordjs/collection@1.5.3":
  version "1.5.3"
  resolved "https://registry.npmjs.org/@discordjs/collection/-/collection-1.5.3.tgz"
  integrity sha512-SVb428OMd3WO1paV3rm6tSjM4wC+Kecaa1EUGX7vc6/fddvw/6lg90z4QtCqm21zvVe92vMMDt9+DkIvjXImQQ==

"@discordjs/collection@^2.1.0", "@discordjs/collection@^2.1.1":
  version "2.1.1"
  resolved "https://registry.npmjs.org/@discordjs/collection/-/collection-2.1.1.tgz"
  integrity sha512-LiSusze9Tc7qF03sLCujF5iZp7K+vRNEDBZ86FT9aQAv3vxMLihUvKvpsCWiQ2DJq1tVckopKm1rxomgNUc9hg==

"@discordjs/formatters@^0.6.2":
  version "0.6.2"
  resolved "https://registry.yarnpkg.com/@discordjs/formatters/-/formatters-0.6.2.tgz#93c4a213ceb49c9a28e8adb65d50a027579b8c30"
  integrity sha512-y4UPwWhH6vChKRkGdMB4odasUbHOUwy7KL+OVwF86PvT6QVOwElx+TiI1/6kcmcEe+g5YRXJFiXSXUdabqZOvQ==
  dependencies:
    discord-api-types "^0.38.33"

"@discordjs/rest@^2.5.1", "@discordjs/rest@^2.6.2":
  version "2.6.3"
  resolved "https://registry.yarnpkg.com/@discordjs/rest/-/rest-2.6.3.tgz#607dea40d038301654d6f57d8e7b07a4149f43f2"
  integrity sha512-wvOylxNYJkwKjctS/Mn5GP1w9r3/rzyH+ThD1JlAca6zEdlHs8QWBBUQJpU5Q+W6DoIj/Ljh1IPlZs7hTU+UAg==
  dependencies:
    "@discordjs/collection" "^2.1.1"
    "@discordjs/util" "^1.2.0"
    "@sapphire/async-queue" "^1.5.3"
    "@sapphire/snowflake" "^3.5.5"
    "@vladfrangu/async_event_emitter" "^2.4.6"
    discord-api-types "^0.38.50"
    magic-bytes.js "^1.13.0"
    tslib "^2.6.3"
    undici "^6.27.0"

"@discordjs/util@^1.1.0", "@discordjs/util@^1.2.0":
  version "1.2.0"
  resolved "https://registry.yarnpkg.com/@discordjs/util/-/util-1.2.0.tgz#a45a2b643423094eb6378060c623f4d3e6d593d4"
  integrity sha512-3LKP7F2+atl9vJFhaBjn4nOaSWahZ/yWjOvA4e5pnXkt2qyXRCHLxoBQy81GFtLGCq7K9lPm9R517M1U+/90Qg==
  dependencies:
    discord-api-types "^0.38.33"

"@discordjs/ws@^1.2.3":
  version "1.2.3"
  resolved "https://registry.yarnpkg.com/@discordjs/ws/-/ws-1.2.3.tgz#7cf80d8528366c6810c02b43ca49958ef154c3d4"
  integrity sha512-wPlQDxEmlDg5IxhJPuxXr3Vy9AjYq5xCvFWGJyD7w7Np8ZGu+Mc+97LCoEc/+AYCo2IDpKioiH0/c/mj5ZR9Uw==
  dependencies:
    "@discordjs/collection" "^2.1.0"
    "@discordjs/rest" "^2.5.1"
    "@discordjs/util" "^1.1.0"
    "@sapphire/async-queue" "^1.5.2"
    "@types/ws" "^8.5.10"
    "@vladfrangu/async_event_emitter" "^2.2.4"
    discord-api-types "^0.38.1"
    tslib "^2.6.2"
    ws "^8.17.0"

"@sapphire/async-queue@^1.5.2", "@sapphire/async-queue@^1.5.3":
  version "1.5.5"
  resolved "https://registry.npmjs.org/@sapphire/async-queue/-/async-queue-1.5.5.tgz"
  integrity sha512-cvGzxbba6sav2zZkH8GPf2oGk9yYoD5qrNWdu9fRehifgnFZJMV+nuy2nON2roRO4yQQ+v7MK/Pktl/HgfsUXg==

"@sapphire/shapeshift@^4.0.0":
  version "4.0.0"
  resolved "https://registry.npmjs.org/@sapphire/shapeshift/-/shapeshift-4.0.0.tgz"
  integrity sha512-d9dUmWVA7MMiKobL3VpLF8P2aeanRTu6ypG2OIaEv/ZHH/SUQ2iHOVyi5wAPjQ+HmnMuL0whK9ez8I/raWbtIg==
  dependencies:
    fast-deep-equal "^3.1.3"
    lodash "^4.17.21"

"@sapphire/snowflake@3.5.5", "@sapphire/snowflake@^3.5.5":
  version "3.5.5"
  resolved "https://registry.yarnpkg.com/@sapphire/snowflake/-/snowflake-3.5.5.tgz#33a60ab4231e3cab29e8a0077f342125f2c8d1bd"
  integrity sha512-xzvBr1Q1c4lCe7i6sRnrofxeO1QTP/LKQ6A6qy0iB4x5yfiSfARMEQEghojzTNALDTcv8En04qYNIco9/K9eZQ==

"@types/node@*":
  version "22.13.5"
  resolved "https://registry.npmjs.org/@types/node/-/node-22.13.5.tgz"
  integrity sha512-+lTU0PxZXn0Dr1NBtC7Y8cR21AJr87dLLU953CWA6pMxxv/UDc7jYAY90upcrie1nRcD6XNG5HOYEDtgW5TxAg==
  dependencies:
    undici-types "~6.20.0"

"@types/ws@^8.5.10":
  version "8.5.14"
  resolved "https://registry.npmjs.org/@types/ws/-/ws-8.5.14.tgz"
  integrity sha512-bd/YFLW+URhBzMXurx7lWByOu+xzU9+kb3RboOteXYDfW+tr+JZa99OyNmPINEGB/ahzKrEuc8rcv4gnpJmxTw==
  dependencies:
    "@types/node" "*"

"@vladfrangu/async_event_emitter@^2.2.4", "@vladfrangu/async_event_emitter@^2.4.6":
  version "2.4.6"
  resolved "https://registry.npmjs.org/@vladfrangu/async_event_emitter/-/async_event_emitter-2.4.6.tgz"
  integrity sha512-RaI5qZo6D2CVS6sTHFKg1v5Ohq/+Bo2LZ5gzUEwZ/WkHhwtGTCB/sVLw8ijOkAUxasZ+WshN/Rzj4ywsABJ5ZA==

cleverbot-node@^0.3.11:
  version "0.3.11"
  resolved "https://registry.npmjs.org/cleverbot-node/-/cleverbot-node-0.3.11.tgz"
  integrity sha512-DwTS29ghln+KrHsBmRhFLLoH5kQekfm8BXN+5w7C9oN17GiyrQDDSHBnYEziTp6017xLZIR/XHtfpq+Jac61hA==

discord-api-types@^0.38.1, discord-api-types@^0.38.33, discord-api-types@^0.38.40, discord-api-types@^0.38.49, discord-api-types@^0.38.50:
  version "0.38.55"
  resolved "https://registry.yarnpkg.com/discord-api-types/-/discord-api-types-0.38.55.tgz#a3f247414e3dd1294a6e2c89fe1ff65b1f421bc3"
  integrity sha512-ytuaRTzdnHUCXJ6KjL9MrItQX0xKncBKEeYI1Bst4+ud47eejH3cG6gaesYakjpPcUhh68XYS2YwGq3mmujFsA==

discord.js@^14.27.0:
  version "14.27.0"
  resolved "https://registry.yarnpkg.com/discord.js/-/discord.js-14.27.0.tgz#ef897a352a5d0ba476061e2a552188665e6e2951"
  integrity sha512-qHbFlFG2N7y3LjPySYsL6A1+BnX6bkTVgo842EX0CqVPk/KTMwZkojPHEXKsQUpWZNyz5BISNHK1cPpQw0+m4A==
  dependencies:
    "@discordjs/builders" "^1.14.1"
    "@discordjs/collection" "1.5.3"
    "@discordjs/formatters" "^0.6.2"
    "@discordjs/rest" "^2.6.2"
    "@discordjs/util" "^1.2.0"
    "@discordjs/ws" "^1.2.3"
    "@sapphire/snowflake" "3.5.5"
    discord-api-types "^0.38.49"
    fast-deep-equal "3.1.3"
    lodash.snakecase "4.1.1"
    magic-bytes.js "^1.13.0"
    tslib "^2.6.3"
    undici "^6.27.0"

fast-deep-equal@3.1.3, fast-deep-equal@^3.1.3:
  version "3.1.3"
  resolved "https://registry.npmjs.org/fast-deep-equal/-/fast-deep-equal-3.1.3.tgz"
  integrity sha512-f3qQ9oQy9j2AhBe/H9VC91wLmKBCCU/gDOnKNAYG5hswO7BLKj09Hc5HYNz9cGI++xlpDCIgDaitVs03ATR84Q==

lodash.snakecase@4.1.1:
  version "4.1.1"
  resolved "https://registry.npmjs.org/lodash.snakecase/-/lodash.snakecase-4.1.1.tgz"
  integrity sha512-QZ1d4xoBHYUeuouhEq3lk3Uq7ldgyFXGBhg04+oRLnIz8o9T65Eh+8YdroUwn846zchkA9yDsDl5CVVaV2nqYw==

lodash@^4.17.21:
  version "4.18.1"
  resolved "https://registry.yarnpkg.com/lodash/-/lodash-4.18.1.tgz#ff2b66c1f6326d59513de2407bf881439812771c"
  integrity sha512-dMInicTPVE8d1e5otfwmmjlxkZoUpiVLwyeTdUsi/Caj/gfzzblBcCE5sRHV/AsjuCmxWrte2TNGSYuCeCq+0Q==

magic-bytes.js@^1.13.0:
  version "1.13.1"
  resolved "https://registry.yarnpkg.com/magic-bytes.js/-/magic-bytes.js-1.13.1.tgz#a96bba8c95380064e49b8ac8d53505ad523f2363"
  integrity sha512-x5sn4UX2k5gCWlcfmoFwG4TPie8+dctESyqOBdhB5p6MsgWXdBKGmt9nXPObj/JI50TTL928lc5Yt1WntMn1bw==

ts-mixer@^6.0.4:
  version "6.0.4"
  resolved "https://registry.npmjs.org/ts-mixer/-/ts-mixer-6.0.4.tgz"
  integrity sha512-ufKpbmrugz5Aou4wcr5Wc1UUFWOLhq+Fm6qa6P0w0K5Qw2yhaUoiWszhCVuNQyNwrlGiscHOmqYoAox1PtvgjA==

tslib@^2.6.2, tslib@^2.6.3:
  version "2.8.1"
  resolved "https://registry.npmjs.org/tslib/-/tslib-2.8.1.tgz"
  integrity sha512-oJFu94HQb+KVduSUQL7wnpmqnfmLsOA/nAh6b6EH0wCEoK0/mPeXU6c3wKDV83MkOuHPRHtSXKKU99IBazS/2w==

undici-types@~6.20.0:
  version "6.20.0"
  resolved "https://registry.npmjs.org/undici-types/-/undici-types-6.20.0.tgz"
  integrity sha512-Ny6QZ2Nju20vw1SRHe3d9jVu6gJ+4e3+MMpqu7pqE5HT6WsTSlce++GQmK5UXS8mzV8DSYHrQH+Xrf2jVcuKNg==

undici@^6.27.0:
  version "6.28.1"
  resolved "https://registry.yarnpkg.com/undici/-/undici-6.28.1.tgz#aa9d2c44aef3840bef80216f2a50f337543a3fbd"
  integrity sha512-zWpdTVD54H48CIybL0rWQ3ukpb9d23wM7eH5RtfdmeP70cWHNjtfo7P4vZX+5CoDcO53J4Pu5uXp7lNfjc6DRA==

ws@^8.17.0:
  version "8.18.1"
  resolved "https://registry.npmjs.org/ws/-/ws-8.18.1.tgz"
  integrity sha512-RKW2aJZMXeMxVpnZ6bck+RswznaxmzdULiBr6KY7XkTnW8uvt0iT9H5DkHUChXrc+uurzwa0rVI16n/Xzjdz1w==
